
Microsoft Visual Studio Solution File, Format Version 12.00
# Visual Studio Version 17
VisualStudioVersion = 17.6.33829.357
MinimumVisualStudioVersion = 10.0.40219.1
Project("{FAE04EC0-301F-11D3-BF4B-00C04F79EFBC}") = "zooshop", "zooshop\zooshop.csproj", "{AEF82090-7559-4F84-8A76-C6BDFB8E0BBD}"
EndProject
Global
	GlobalSection(SolutionConfigurationPlatforms) = preSolution
		Debug|Any CPU = Debug|Any CPU
		Release|Any CPU = Release|Any CPU
	EndGlobalSection
	GlobalSection(ProjectConfigurationPlatforms) = postSolution
		{AEF82090-7559-4F84-8A76-C6BDFB8E0BBD}.Debug|Any CPU.ActiveCfg = Debug|Any CPU
		{AEF82090-7559-4F84-8A76-C6BDFB8E0BBD}.Debug|Any CPU.Build.0 = Debug|Any CPU
		{AEF82090-7559-4F84-8A76-C6BDFB8E0BBD}.Release|Any CPU.ActiveCfg = Release|Any CPU
		{AEF82090-7559-4F84-8A76-C6BDFB8E0BBD}.Release|Any CPU.Build.0 = Release|Any CPU
	EndGlobalSection
	GlobalSection(SolutionProperties) = preSolution
		HideSolutionNode = FALSE
	EndGlobalSection
	GlobalSection(ExtensibilityGlobals) = postSolution
		SolutionGuid = {5266D373-24F7-4023-AAAE-DBF3706A6FED}
	EndGlobalSection
EndGlobal
